
Microsoft Visual Studio Solution File, Format Version 12.00
# Visual Studio 15
VisualStudioVersion = 15.0.27703.2026
MinimumVisualStudioVersion = 10.0.40219.1
Project("{FAE04EC0-301F-11D3-BF4B-00C04F79EFBC}") = "MineSweeper", "MineSweeper\MineSweeper.csproj", "{10FB36A9-5472-4CDD-B431-A56878B24BE8}"
EndProject
Global
	GlobalSection(SolutionConfigurationPlatforms) = preSolution
		Debug|Any CPU = Debug|Any CPU
		Release|Any CPU = Release|Any CPU
	EndGlobalSection
	GlobalSection(ProjectConfigurationPlatforms) = postSolution
		{10FB36A9-5472-4CDD-B431-A56878B24BE8}.Debug|Any CPU.ActiveCfg = Debug|Any CPU
		{10FB36A9-5472-4CDD-B431-A56878B24BE8}.Debug|Any CPU.Build.0 = Debug|Any CPU
		{10FB36A9-5472-4CDD-B431-A56878B24BE8}.Release|Any CPU.ActiveCfg = Release|Any CPU
		{10FB36A9-5472-4CDD-B431-A56878B24BE8}.Release|Any CPU.Build.0 = Release|Any CPU
	EndGlobalSection
	GlobalSection(SolutionProperties) = preSolution
		HideSolutionNode = FALSE
	EndGlobalSection
	GlobalSection(ExtensibilityGlobals) = postSolution
		SolutionGuid = {A43A1CDE-01DB-4321-B1DA-985E1581A3FA}
	EndGlobalSection
EndGlobal
